
Microsoft Visual Studio Solution File, Format Version 12.00
# Visual Studio Version 17
VisualStudioVersion = 17.4.33103.184
MinimumVisualStudioVersion = 10.0.40219.1
Project("{FAE04EC0-301F-11D3-BF4B-00C04F79EFBC}") = "RESTapiLibProj", "RESTapiLibProj\RESTapiLibProj.csproj", "{92E538EB-9982-43D2-B5A6-CD86F4F6114B}"
EndProject
Global
	GlobalSection(SolutionConfigurationPlatforms) = preSolution
		Debug|Any CPU = Debug|Any CPU
		Release|Any CPU = Release|Any CPU
	EndGlobalSection
	GlobalSection(ProjectConfigurationPlatforms) = postSolution
		{92E538EB-9982-43D2-B5A6-CD86F4F6114B}.Debug|Any CPU.ActiveCfg = Debug|Any CPU
		{92E538EB-9982-43D2-B5A6-CD86F4F6114B}.Debug|Any CPU.Build.0 = Debug|Any CPU
		{92E538EB-9982-43D2-B5A6-CD86F4F6114B}.Release|Any CPU.ActiveCfg = Release|Any CPU
		{92E538EB-9982-43D2-B5A6-CD86F4F6114B}.Release|Any CPU.Build.0 = Release|Any CPU
	EndGlobalSection
	GlobalSection(SolutionProperties) = preSolution
		HideSolutionNode = FALSE
	EndGlobalSection
	GlobalSection(ExtensibilityGlobals) = postSolution
		SolutionGuid = {FFD30BA8-F1AC-4342-B265-02D746F46799}
	EndGlobalSection
EndGlobal
